// !$*UTF8*$!
{
	archiveVersion = 1;
	classes = {
	};
	objectVersion = 56;
	objects = {

/* Begin PBXBuildFile section */
		2C09602D2CA0616100082ABB /* AppRouter.swift in Sources */ = {isa = PBXBuildFile; fileRef = 2C09602C2CA0616100082ABB /* AppRouter.swift */; };
		2C0960302CA06CE300082ABB /* Alamofire in Frameworks */ = {isa = PBXBuildFile; productRef = 2C09602F2CA06CE300082ABB /* Alamofire */; };
		2C0960322CA06D4100082ABB /* UserListVM.swift in Sources */ = {isa = PBXBuildFile; fileRef = 2C0960312CA06D4100082ABB /* UserListVM.swift */; };
		2C0960352CA06D9700082ABB /* UserModels.swift in Sources */ = {isa = PBXBuildFile; fileRef = 2C0960342CA06D9700082ABB /* UserModels.swift */; };
		2C0960382CA06E1100082ABB /* Config.swift in Sources */ = {isa = PBXBuildFile; fileRef = 2C0960372CA06E1100082ABB /* Config.swift */; };
		2C09603C2CA0715900082ABB /* UserDetail.swift in Sources */ = {isa = PBXBuildFile; fileRef = 2C09603B2CA0715900082ABB /* UserDetail.swift */; };
		2C09603F2CA0882400082ABB /* TinyConstraints in Frameworks */ = {isa = PBXBuildFile; productRef = 2C09603E2CA0882400082ABB /* TinyConstraints */; };
		2C0960412CA0888900082ABB /* UserLabel.swift in Sources */ = {isa = PBXBuildFile; fileRef = 2C0960402CA0888900082ABB /* UserLabel.swift */; };
		2C0960462CA095E600082ABB /* UserRepository.swift in Sources */ = {isa = PBXBuildFile; fileRef = 2C0960452CA095E600082ABB /* UserRepository.swift */; };
		2C0960492CA0977800082ABB /* MockUserRepository.swift in Sources */ = {isa = PBXBuildFile; fileRef = 2C0960482CA0977800082ABB /* MockUserRepository.swift */; };
		2C09604C2CA0979700082ABB /* UserListVMTests.swift in Sources */ = {isa = PBXBuildFile; fileRef = 2C09604B2CA0979700082ABB /* UserListVMTests.swift */; };
		2C0960522CA097F300082ABB /* NetworkConnection.swift in Sources */ = {isa = PBXBuildFile; fileRef = 2C0F4A7D2CA032620055BFA4 /* NetworkConnection.swift */; };
		2C0960542CA097F800082ABB /* Config.swift in Sources */ = {isa = PBXBuildFile; fileRef = 2C0960372CA06E1100082ABB /* Config.swift */; };
		2C0960572CA0984900082ABB /* UserRepositoryImpl.swift in Sources */ = {isa = PBXBuildFile; fileRef = 2C0960562CA0984900082ABB /* UserRepositoryImpl.swift */; };
		2C09605A2CA0A2F400082ABB /* UserModels.swift in Sources */ = {isa = PBXBuildFile; fileRef = 2C0960342CA06D9700082ABB /* UserModels.swift */; };
		2C09605B2CA0A2F700082ABB /* UserRepository.swift in Sources */ = {isa = PBXBuildFile; fileRef = 2C0960452CA095E600082ABB /* UserRepository.swift */; };
		2C0F4A432CA02F050055BFA4 /* AppDelegate.swift in Sources */ = {isa = PBXBuildFile; fileRef = 2C0F4A422CA02F050055BFA4 /* AppDelegate.swift */; };
		2C0F4A452CA02F050055BFA4 /* SceneDelegate.swift in Sources */ = {isa = PBXBuildFile; fileRef = 2C0F4A442CA02F050055BFA4 /* SceneDelegate.swift */; };
		2C0F4A4C2CA02F080055BFA4 /* Assets.xcassets in Resources */ = {isa = PBXBuildFile; fileRef = 2C0F4A4B2CA02F080055BFA4 /* Assets.xcassets */; };
		2C0F4A4F2CA02F080055BFA4 /* Base in Resources */ = {isa = PBXBuildFile; fileRef = 2C0F4A4E2CA02F080055BFA4 /* Base */; };
		2C0F4A5A2CA02F080055BFA4 /* CaseTests.swift in Sources */ = {isa = PBXBuildFile; fileRef = 2C0F4A592CA02F080055BFA4 /* CaseTests.swift */; };
		2C0F4A642CA02F080055BFA4 /* CaseUITests.swift in Sources */ = {isa = PBXBuildFile; fileRef = 2C0F4A632CA02F080055BFA4 /* CaseUITests.swift */; };
		2C0F4A662CA02F080055BFA4 /* CaseUITestsLaunchTests.swift in Sources */ = {isa = PBXBuildFile; fileRef = 2C0F4A652CA02F080055BFA4 /* CaseUITestsLaunchTests.swift */; };
		2C0F4A792CA0321F0055BFA4 /* Launch.swift in Sources */ = {isa = PBXBuildFile; fileRef = 2C0F4A782CA0321F0055BFA4 /* Launch.swift */; };
		2C0F4A7E2CA032620055BFA4 /* NetworkConnection.swift in Sources */ = {isa = PBXBuildFile; fileRef = 2C0F4A7D2CA032620055BFA4 /* NetworkConnection.swift */; };
		2C0F4A812CA0343D0055BFA4 /* Base.swift in Sources */ = {isa = PBXBuildFile; fileRef = 2C0F4A802CA0343D0055BFA4 /* Base.swift */; };
		2C0F4A842CA034D10055BFA4 /* UserList.swift in Sources */ = {isa = PBXBuildFile; fileRef = 2C0F4A832CA034D10055BFA4 /* UserList.swift */; };
		2C0F4A882CA0371E0055BFA4 /* UIViewController.swift in Sources */ = {isa = PBXBuildFile; fileRef = 2C0F4A872CA0371E0055BFA4 /* UIViewController.swift */; };
		2C4CBDF82CA04A33003B7E2D /* NetworkManager.swift in Sources */ = {isa = PBXBuildFile; fileRef = 2C4CBDF72CA04A32003B7E2D /* NetworkManager.swift */; };
		2C4CBDFA2CA04AA1003B7E2D /* StatusBarBanner.swift in Sources */ = {isa = PBXBuildFile; fileRef = 2C4CBDF92CA04AA1003B7E2D /* StatusBarBanner.swift */; };
/* End PBXBuildFile section */

/* Begin PBXContainerItemProxy section */
		2C0F4A562CA02F080055BFA4 /* PBXContainerItemProxy */ = {
			isa = PBXContainerItemProxy;
			containerPortal = 2C0F4A372CA02F050055BFA4 /* Project object */;
			proxyType = 1;
			remoteGlobalIDString = 2C0F4A3E2CA02F050055BFA4;
			remoteInfo = Case;
		};
		2C0F4A602CA02F080055BFA4 /* PBXContainerItemProxy */ = {
			isa = PBXContainerItemProxy;
			containerPortal = 2C0F4A372CA02F050055BFA4 /* Project object */;
			proxyType = 1;
			remoteGlobalIDString = 2C0F4A3E2CA02F050055BFA4;
			remoteInfo = Case;
		};
/* End PBXContainerItemProxy section */

/* Begin PBXFileReference section */
		2C09602C2CA0616100082ABB /* AppRouter.swift */ = {isa = PBXFileReference; fileEncoding = 4; lastKnownFileType = sourcecode.swift; path = AppRouter.swift; sourceTree = "<group>"; };
		2C0960312CA06D4100082ABB /* UserListVM.swift */ = {isa = PBXFileReference; lastKnownFileType = sourcecode.swift; path = UserListVM.swift; sourceTree = "<group>"; };
		2C0960342CA06D9700082ABB /* UserModels.swift */ = {isa = PBXFileReference; lastKnownFileType = sourcecode.swift; path = UserModels.swift; sourceTree = "<group>"; };
		2C0960372CA06E1100082ABB /* Config.swift */ = {isa = PBXFileReference; lastKnownFileType = sourcecode.swift; path = Config.swift; sourceTree = "<group>"; };
		2C09603B2CA0715900082ABB /* UserDetail.swift */ = {isa = PBXFileReference; lastKnownFileType = sourcecode.swift; path = UserDetail.swift; sourceTree = "<group>"; };
		2C0960402CA0888900082ABB /* UserLabel.swift */ = {isa = PBXFileReference; lastKnownFileType = sourcecode.swift; path = UserLabel.swift; sourceTree = "<group>"; };
		2C0960432CA0927E00082ABB /* Config.xcconfig */ = {isa = PBXFileReference; lastKnownFileType = text.xcconfig; path = Config.xcconfig; sourceTree = "<group>"; };
		2C0960452CA095E600082ABB /* UserRepository.swift */ = {isa = PBXFileReference; lastKnownFileType = sourcecode.swift; path = UserRepository.swift; sourceTree = "<group>"; };
		2C0960482CA0977800082ABB /* MockUserRepository.swift */ = {isa = PBXFileReference; lastKnownFileType = sourcecode.swift; path = MockUserRepository.swift; sourceTree = "<group>"; };
		2C09604B2CA0979700082ABB /* UserListVMTests.swift */ = {isa = PBXFileReference; lastKnownFileType = sourcecode.swift; path = UserListVMTests.swift; sourceTree = "<group>"; };
		2C0960562CA0984900082ABB /* UserRepositoryImpl.swift */ = {isa = PBXFileReference; lastKnownFileType = sourcecode.swift; path = UserRepositoryImpl.swift; sourceTree = "<group>"; };
		2C0F4A3F2CA02F050055BFA4 /* Case.app */ = {isa = PBXFileReference; explicitFileType = wrapper.application; includeInIndex = 0; path = Case.app; sourceTree = BUILT_PRODUCTS_DIR; };
		2C0F4A422CA02F050055BFA4 /* AppDelegate.swift */ = {isa = PBXFileReference; lastKnownFileType = sourcecode.swift; path = AppDelegate.swift; sourceTree = "<group>"; };
		2C0F4A442CA02F050055BFA4 /* SceneDelegate.swift */ = {isa = PBXFileReference; lastKnownFileType = sourcecode.swift; path = SceneDelegate.swift; sourceTree = "<group>"; };
		2C0F4A4B2CA02F080055BFA4 /* Assets.xcassets */ = {isa = PBXFileReference; lastKnownFileType = folder.assetcatalog; path = Assets.xcassets; sourceTree = "<group>"; };
		2C0F4A4E2CA02F080055BFA4 /* Base */ = {isa = PBXFileReference; lastKnownFileType = file.storyboard; name = Base; path = Base.lproj/LaunchScreen.storyboard; sourceTree = "<group>"; };
		2C0F4A502CA02F080055BFA4 /* Info.plist */ = {isa = PBXFileReference; lastKnownFileType = text.plist.xml; path = Info.plist; sourceTree = "<group>"; };
		2C0F4A552CA02F080055BFA4 /* CaseTests.xctest */ = {isa = PBXFileReference; explicitFileType = wrapper.cfbundle; includeInIndex = 0; path = CaseTests.xctest; sourceTree = BUILT_PRODUCTS_DIR; };
		2C0F4A592CA02F080055BFA4 /* CaseTests.swift */ = {isa = PBXFileReference; lastKnownFileType = sourcecode.swift; path = CaseTests.swift; sourceTree = "<group>"; };
		2C0F4A5F2CA02F080055BFA4 /* CaseUITests.xctest */ = {isa = PBXFileReference; explicitFileType = wrapper.cfbundle; includeInIndex = 0; path = CaseUITests.xctest; sourceTree = BUILT_PRODUCTS_DIR; };
		2C0F4A632CA02F080055BFA4 /* CaseUITests.swift */ = {isa = PBXFileReference; lastKnownFileType = sourcecode.swift; path = CaseUITests.swift; sourceTree = "<group>"; };
		2C0F4A652CA02F080055BFA4 /* CaseUITestsLaunchTests.swift */ = {isa = PBXFileReference; lastKnownFileType = sourcecode.swift; path = CaseUITestsLaunchTests.swift; sourceTree = "<group>"; };
		2C0F4A782CA0321F0055BFA4 /* Launch.swift */ = {isa = PBXFileReference; lastKnownFileType = sourcecode.swift; path = Launch.swift; sourceTree = "<group>"; };
		2C0F4A7D2CA032620055BFA4 /* NetworkConnection.swift */ = {isa = PBXFileReference; lastKnownFileType = sourcecode.swift; path = NetworkConnection.swift; sourceTree = "<group>"; };
		2C0F4A802CA0343D0055BFA4 /* Base.swift */ = {isa = PBXFileReference; lastKnownFileType = sourcecode.swift; path = Base.swift; sourceTree = "<group>"; };
		2C0F4A832CA034D10055BFA4 /* UserList.swift */ = {isa = PBXFileReference; lastKnownFileType = sourcecode.swift; path = UserList.swift; sourceTree = "<group>"; };
		2C0F4A872CA0371E0055BFA4 /* UIViewController.swift */ = {isa = PBXFileReference; lastKnownFileType = sourcecode.swift; path = UIViewController.swift; sourceTree = "<group>"; };
		2C4CBDF72CA04A32003B7E2D /* NetworkManager.swift */ = {isa = PBXFileReference; lastKnownFileType = sourcecode.swift; path = NetworkManager.swift; sourceTree = "<group>"; };
		2C4CBDF92CA04AA1003B7E2D /* StatusBarBanner.swift */ = {isa = PBXFileReference; lastKnownFileType = sourcecode.swift; path = StatusBarBanner.swift; sourceTree = "<group>"; };
/* End PBXFileReference section */

/* Begin PBXFrameworksBuildPhase section */
		2C0F4A3C2CA02F050055BFA4 /* Frameworks */ = {
			isa = PBXFrameworksBuildPhase;
			buildActionMask = 2147483647;
			files = (
				2C0960302CA06CE300082ABB /* Alamofire in Frameworks */,
				2C09603F2CA0882400082ABB /* TinyConstraints in Frameworks */,
			);
			runOnlyForDeploymentPostprocessing = 0;
		};
		2C0F4A522CA02F080055BFA4 /* Frameworks */ = {
			isa = PBXFrameworksBuildPhase;
			buildActionMask = 2147483647;
			files = (
			);
			runOnlyForDeploymentPostprocessing = 0;
		};
		2C0F4A5C2CA02F080055BFA4 /* Frameworks */ = {
			isa = PBXFrameworksBuildPhase;
			buildActionMask = 2147483647;
			files = (
			);
			runOnlyForDeploymentPostprocessing = 0;
		};
/* End PBXFrameworksBuildPhase section */

/* Begin PBXGroup section */
		2C0960332CA06D8100082ABB /* ViewModel */ = {
			isa = PBXGroup;
			children = (
				2C0960312CA06D4100082ABB /* UserListVM.swift */,
			);
			path = ViewModel;
			sourceTree = "<group>";
		};
		2C0960362CA06DA300082ABB /* Controller */ = {
			isa = PBXGroup;
			children = (
				2C0F4A832CA034D10055BFA4 /* UserList.swift */,
			);
			path = Controller;
			sourceTree = "<group>";
		};
		2C0960392CA0714900082ABB /* UserDetail */ = {
			isa = PBXGroup;
			children = (
				2C09603A2CA0714F00082ABB /* Controller */,
			);
			path = UserDetail;
			sourceTree = "<group>";
		};
		2C09603A2CA0714F00082ABB /* Controller */ = {
			isa = PBXGroup;
			children = (
				2C09603B2CA0715900082ABB /* UserDetail.swift */,
			);
			path = Controller;
			sourceTree = "<group>";
		};
		2C0960422CA08C8200082ABB /* Models */ = {
			isa = PBXGroup;
			children = (
				2C0960342CA06D9700082ABB /* UserModels.swift */,
				2C0960452CA095E600082ABB /* UserRepository.swift */,
				2C0960562CA0984900082ABB /* UserRepositoryImpl.swift */,
			);
			path = Models;
			sourceTree = "<group>";
		};
		2C0960472CA0976700082ABB /* UserRepos */ = {
			isa = PBXGroup;
			children = (
				2C0960482CA0977800082ABB /* MockUserRepository.swift */,
			);
			path = UserRepos;
			sourceTree = "<group>";
		};
		2C09604A2CA0978D00082ABB /* UserListVMTests */ = {
			isa = PBXGroup;
			children = (
				2C09604B2CA0979700082ABB /* UserListVMTests.swift */,
			);
			path = UserListVMTests;
			sourceTree = "<group>";
		};
		2C0F4A362CA02F050055BFA4 = {
			isa = PBXGroup;
			children = (
				2C0F4A412CA02F050055BFA4 /* Case */,
				2C0F4A582CA02F080055BFA4 /* CaseTests */,
				2C0F4A622CA02F080055BFA4 /* CaseUITests */,
				2C0F4A402CA02F050055BFA4 /* Products */,
			);
			sourceTree = "<group>";
		};
		2C0F4A402CA02F050055BFA4 /* Products */ = {
			isa = PBXGroup;
			children = (
				2C0F4A3F2CA02F050055BFA4 /* Case.app */,
				2C0F4A552CA02F080055BFA4 /* CaseTests.xctest */,
				2C0F4A5F2CA02F080055BFA4 /* CaseUITests.xctest */,
			);
			name = Products;
			sourceTree = "<group>";
		};
		2C0F4A412CA02F050055BFA4 /* Case */ = {
			isa = PBXGroup;
			children = (
				2C0F4A862CA036FF0055BFA4 /* Extensions */,
				2C0F4A852CA035830055BFA4 /* Assets */,
				2C0F4A762CA0320C0055BFA4 /* Screens */,
				2C0F4A722CA0318A0055BFA4 /* Applications */,
				2C0F4A502CA02F080055BFA4 /* Info.plist */,
				2C0960432CA0927E00082ABB /* Config.xcconfig */,
			);
			path = Case;
			sourceTree = "<group>";
		};
		2C0F4A582CA02F080055BFA4 /* CaseTests */ = {
			isa = PBXGroup;
			children = (
				2C09604A2CA0978D00082ABB /* UserListVMTests */,
				2C0960472CA0976700082ABB /* UserRepos */,
				2C0F4A592CA02F080055BFA4 /* CaseTests.swift */,
			);
			path = CaseTests;
			sourceTree = "<group>";
		};
		2C0F4A622CA02F080055BFA4 /* CaseUITests */ = {
			isa = PBXGroup;
			children = (
				2C0F4A632CA02F080055BFA4 /* CaseUITests.swift */,
				2C0F4A652CA02F080055BFA4 /* CaseUITestsLaunchTests.swift */,
			);
			path = CaseUITests;
			sourceTree = "<group>";
		};
		2C0F4A722CA0318A0055BFA4 /* Applications */ = {
			isa = PBXGroup;
			children = (
				2C0F4A7A2CA032290055BFA4 /* Network */,
				2C0F4A732CA031910055BFA4 /* Delegates */,
			);
			path = Applications;
			sourceTree = "<group>";
		};
		2C0F4A732CA031910055BFA4 /* Delegates */ = {
			isa = PBXGroup;
			children = (
				2C09602C2CA0616100082ABB /* AppRouter.swift */,
				2C0F4A422CA02F050055BFA4 /* AppDelegate.swift */,
				2C0F4A442CA02F050055BFA4 /* SceneDelegate.swift */,
			);
			path = Delegates;
			sourceTree = "<group>";
		};
		2C0F4A762CA0320C0055BFA4 /* Screens */ = {
			isa = PBXGroup;
			children = (
				2C0960392CA0714900082ABB /* UserDetail */,
				2C0F4A822CA034C60055BFA4 /* UserList */,
				2C0F4A7F2CA034340055BFA4 /* Base */,
				2C0F4A772CA032120055BFA4 /* Launch */,
			);
			path = Screens;
			sourceTree = "<group>";
		};
		2C0F4A772CA032120055BFA4 /* Launch */ = {
			isa = PBXGroup;
			children = (
				2C0F4A4D2CA02F080055BFA4 /* LaunchScreen.storyboard */,
				2C0F4A782CA0321F0055BFA4 /* Launch.swift */,
			);
			path = Launch;
			sourceTree = "<group>";
		};
		2C0F4A7A2CA032290055BFA4 /* Network */ = {
			isa = PBXGroup;
			children = (
				2C0F4A7D2CA032620055BFA4 /* NetworkConnection.swift */,
				2C4CBDF72CA04A32003B7E2D /* NetworkManager.swift */,
				2C0960372CA06E1100082ABB /* Config.swift */,
			);
			path = Network;
			sourceTree = "<group>";
		};
		2C0F4A7F2CA034340055BFA4 /* Base */ = {
			isa = PBXGroup;
			children = (
				2C0F4A802CA0343D0055BFA4 /* Base.swift */,
			);
			path = Base;
			sourceTree = "<group>";
		};
		2C0F4A822CA034C60055BFA4 /* UserList */ = {
			isa = PBXGroup;
			children = (
				2C0960422CA08C8200082ABB /* Models */,
				2C0960362CA06DA300082ABB /* Controller */,
				2C0960332CA06D8100082ABB /* ViewModel */,
			);
			path = UserList;
			sourceTree = "<group>";
		};
		2C0F4A852CA035830055BFA4 /* Assets */ = {
			isa = PBXGroup;
			children = (
				2C0F4A4B2CA02F080055BFA4 /* Assets.xcassets */,
			);
			path = Assets;
			sourceTree = "<group>";
		};
		2C0F4A862CA036FF0055BFA4 /* Extensions */ = {
			isa = PBXGroup;
			children = (
				2C0F4A872CA0371E0055BFA4 /* UIViewController.swift */,
				2C4CBDF92CA04AA1003B7E2D /* StatusBarBanner.swift */,
				2C0960402CA0888900082ABB /* UserLabel.swift */,
			);
			path = Extensions;
			sourceTree = "<group>";
		};
/* End PBXGroup section */

/* Begin PBXNativeTarget section */
		2C0F4A3E2CA02F050055BFA4 /* Case */ = {
			isa = PBXNativeTarget;
			buildConfigurationList = 2C0F4A692CA02F080055BFA4 /* Build configuration list for PBXNativeTarget "Case" */;
			buildPhases = (
				2C0F4A3B2CA02F050055BFA4 /* Sources */,
				2C0F4A3C2CA02F050055BFA4 /* Frameworks */,
				2C0F4A3D2CA02F050055BFA4 /* Resources */,
			);
			buildRules = (
			);
			dependencies = (
			);
			name = Case;
			packageProductDependencies = (
				2C09602F2CA06CE300082ABB /* Alamofire */,
				2C09603E2CA0882400082ABB /* TinyConstraints */,
			);
			productName = Case;
			productReference = 2C0F4A3F2CA02F050055BFA4 /* Case.app */;
			productType = "com.apple.product-type.application";
		};
		2C0F4A542CA02F080055BFA4 /* CaseTests */ = {
			isa = PBXNativeTarget;
			buildConfigurationList = 2C0F4A6C2CA02F080055BFA4 /* Build configuration list for PBXNativeTarget "CaseTests" */;
			buildPhases = (
				2C0F4A512CA02F080055BFA4 /* Sources */,
				2C0F4A522CA02F080055BFA4 /* Frameworks */,
				2C0F4A532CA02F080055BFA4 /* Resources */,
			);
			buildRules = (
			);
			dependencies = (
				2C0F4A572CA02F080055BFA4 /* PBXTargetDependency */,
			);
			name = CaseTests;
			productName = CaseTests;
			productReference = 2C0F4A552CA02F080055BFA4 /* CaseTests.xctest */;
			productType = "com.apple.product-type.bundle.unit-test";
		};
		2C0F4A5E2CA02F080055BFA4 /* CaseUITests */ = {
			isa = PBXNativeTarget;
			buildConfigurationList = 2C0F4A6F2CA02F080055BFA4 /* Build configuration list for PBXNativeTarget "CaseUITests" */;
			buildPhases = (
				2C0F4A5B2CA02F080055BFA4 /* Sources */,
				2C0F4A5C2CA02F080055BFA4 /* Frameworks */,
				2C0F4A5D2CA02F080055BFA4 /* Resources */,
			);
			buildRules = (
			);
			dependencies = (
				2C0F4A612CA02F080055BFA4 /* PBXTargetDependency */,
			);
			name = CaseUITests;
			productName = CaseUITests;
			productReference = 2C0F4A5F2CA02F080055BFA4 /* CaseUITests.xctest */;
			productType = "com.apple.product-type.bundle.ui-testing";
		};
/* End PBXNativeTarget section */

/* Begin PBXProject section */
		2C0F4A372CA02F050055BFA4 /* Project object */ = {
			isa = PBXProject;
			attributes = {
				BuildIndependentTargetsInParallel = 1;
				LastSwiftUpdateCheck = 1540;
				LastUpgradeCheck = 1540;
				TargetAttributes = {
					2C0F4A3E2CA02F050055BFA4 = {
						CreatedOnToolsVersion = 15.4;
					};
					2C0F4A542CA02F080055BFA4 = {
						CreatedOnToolsVersion = 15.4;
						TestTargetID = 2C0F4A3E2CA02F050055BFA4;
					};
					2C0F4A5E2CA02F080055BFA4 = {
						CreatedOnToolsVersion = 15.4;
						TestTargetID = 2C0F4A3E2CA02F050055BFA4;
					};
				};
			};
			buildConfigurationList = 2C0F4A3A2CA02F050055BFA4 /* Build configuration list for PBXProject "Case" */;
			compatibilityVersion = "Xcode 14.0";
			developmentRegion = en;
			hasScannedForEncodings = 0;
			knownRegions = (
				en,
				Base,
			);
			mainGroup = 2C0F4A362CA02F050055BFA4;
			packageReferences = (
				2C09602E2CA06CE300082ABB /* XCRemoteSwiftPackageReference "Alamofire" */,
				2C09603D2CA0882400082ABB /* XCRemoteSwiftPackageReference "TinyConstraints" */,
			);
			productRefGroup = 2C0F4A402CA02F050055BFA4 /* Products */;
			projectDirPath = "";
			projectRoot = "";
			targets = (
				2C0F4A3E2CA02F050055BFA4 /* Case */,
				2C0F4A542CA02F080055BFA4 /* CaseTests */,
				2C0F4A5E2CA02F080055BFA4 /* CaseUITests */,
			);
		};
/* End PBXProject section */

/* Begin PBXResourcesBuildPhase section */
		2C0F4A3D2CA02F050055BFA4 /* Resources */ = {
			isa = PBXResourcesBuildPhase;
			buildActionMask = 2147483647;
			files = (
				2C0F4A4C2CA02F080055BFA4 /* Assets.xcassets in Resources */,
				2C0F4A4F2CA02F080055BFA4 /* Base in Resources */,
			);
			runOnlyForDeploymentPostprocessing = 0;
		};
		2C0F4A532CA02F080055BFA4 /* Resources */ = {
			isa = PBXResourcesBuildPhase;
			buildActionMask = 2147483647;
			files = (
			);
			runOnlyForDeploymentPostprocessing = 0;
		};
		2C0F4A5D2CA02F080055BFA4 /* Resources */ = {
			isa = PBXResourcesBuildPhase;
			buildActionMask = 2147483647;
			files = (
			);
			runOnlyForDeploymentPostprocessing = 0;
		};
/* End PBXResourcesBuildPhase section */

/* Begin PBXSourcesBuildPhase section */
		2C0F4A3B2CA02F050055BFA4 /* Sources */ = {
			isa = PBXSourcesBuildPhase;
			buildActionMask = 2147483647;
			files = (
				2C4CBDF82CA04A33003B7E2D /* NetworkManager.swift in Sources */,
				2C09603C2CA0715900082ABB /* UserDetail.swift in Sources */,
				2C0960572CA0984900082ABB /* UserRepositoryImpl.swift in Sources */,
				2C0F4A7E2CA032620055BFA4 /* NetworkConnection.swift in Sources */,
				2C4CBDFA2CA04AA1003B7E2D /* StatusBarBanner.swift in Sources */,
				2C0960462CA095E600082ABB /* UserRepository.swift in Sources */,
				2C0F4A432CA02F050055BFA4 /* AppDelegate.swift in Sources */,
				2C0F4A842CA034D10055BFA4 /* UserList.swift in Sources */,
				2C0F4A792CA0321F0055BFA4 /* Launch.swift in Sources */,
				2C0960382CA06E1100082ABB /* Config.swift in Sources */,
				2C0960412CA0888900082ABB /* UserLabel.swift in Sources */,
				2C0960352CA06D9700082ABB /* UserModels.swift in Sources */,
				2C0F4A812CA0343D0055BFA4 /* Base.swift in Sources */,
				2C0960322CA06D4100082ABB /* UserListVM.swift in Sources */,
				2C0F4A882CA0371E0055BFA4 /* UIViewController.swift in Sources */,
				2C09602D2CA0616100082ABB /* AppRouter.swift in Sources */,
				2C0F4A452CA02F050055BFA4 /* SceneDelegate.swift in Sources */,
			);
			runOnlyForDeploymentPostprocessing = 0;
		};
		2C0F4A512CA02F080055BFA4 /* Sources */ = {
			isa = PBXSourcesBuildPhase;
			buildActionMask = 2147483647;
			files = (
				2C09604C2CA0979700082ABB /* UserListVMTests.swift in Sources */,
				2C0960492CA0977800082ABB /* MockUserRepository.swift in Sources */,
				2C0960522CA097F300082ABB /* NetworkConnection.swift in Sources */,
				2C09605B2CA0A2F700082ABB /* UserRepository.swift in Sources */,
				2C0960542CA097F800082ABB /* Config.swift in Sources */,
				2C09605A2CA0A2F400082ABB /* UserModels.swift in Sources */,
				2C0F4A5A2CA02F080055BFA4 /* CaseTests.swift in Sources */,
			);
			runOnlyForDeploymentPostprocessing = 0;
		};
		2C0F4A5B2CA02F080055BFA4 /* Sources */ = {
			isa = PBXSourcesBuildPhase;
			buildActionMask = 2147483647;
			files = (
				2C0F4A662CA02F080055BFA4 /* CaseUITestsLaunchTests.swift in Sources */,
				2C0F4A642CA02F080055BFA4 /* CaseUITests.swift in Sources */,
			);
			runOnlyForDeploymentPostprocessing = 0;
		};
/* End PBXSourcesBuildPhase section */

/* Begin PBXTargetDependency section */
		2C0F4A572CA02F080055BFA4 /* PBXTargetDependency */ = {
			isa = PBXTargetDependency;
			target = 2C0F4A3E2CA02F050055BFA4 /* Case */;
			targetProxy = 2C0F4A562CA02F080055BFA4 /* PBXContainerItemProxy */;
		};
		2C0F4A612CA02F080055BFA4 /* PBXTargetDependency */ = {
			isa = PBXTargetDependency;
			target = 2C0F4A3E2CA02F050055BFA4 /* Case */;
			targetProxy = 2C0F4A602CA02F080055BFA4 /* PBXContainerItemProxy */;
		};
/* End PBXTargetDependency section */

/* Begin PBXVariantGroup section */
		2C0F4A4D2CA02F080055BFA4 /* LaunchScreen.storyboard */ = {
			isa = PBXVariantGroup;
			children = (
				2C0F4A4E2CA02F080055BFA4 /* Base */,
			);
			name = LaunchScreen.storyboard;
			sourceTree = "<group>";
		};
/* End PBXVariantGroup section */

/* Begin XCBuildConfiguration section */
		2C0F4A672CA02F080055BFA4 /* Debug */ = {
			isa = XCBuildConfiguration;
			baseConfigurationReference = 2C0960432CA0927E00082ABB /* Config.xcconfig */;
			buildSettings = {
				ALWAYS_SEARCH_USER_PATHS = NO;
				ASSETCATALOG_COMPILER_GENERATE_SWIFT_ASSET_SYMBOL_EXTENSIONS = YES;
				CLANG_ANALYZER_NONNULL = YES;
				CLANG_ANALYZER_NUMBER_OBJECT_CONVERSION = YES_AGGRESSIVE;
				CLANG_CXX_LANGUAGE_STANDARD = "gnu++20";
				CLANG_ENABLE_MODULES = YES;
				CLANG_ENABLE_OBJC_ARC = YES;
				CLANG_ENABLE_OBJC_WEAK = YES;
				CLANG_WARN_BLOCK_CAPTURE_AUTORELEASING = YES;
				CLANG_WARN_BOOL_CONVERSION = YES;
				CLANG_WARN_COMMA = YES;
				CLANG_WARN_CONSTANT_CONVERSION = YES;
				CLANG_WARN_DEPRECATED_OBJC_IMPLEMENTATIONS = YES;
				CLANG_WARN_DIRECT_OBJC_ISA_USAGE = YES_ERROR;
				CLANG_WARN_DOCUMENTATION_COMMENTS = YES;
				CLANG_WARN_EMPTY_BODY = YES;
				CLANG_WARN_ENUM_CONVERSION = YES;
				CLANG_WARN_INFINITE_RECURSION = YES;
				CLANG_WARN_INT_CONVERSION = YES;
				CLANG_WARN_NON_LITERAL_NULL_CONVERSION = YES;
				CLANG_WARN_OBJC_IMPLICIT_RETAIN_SELF = YES;
				CLANG_WARN_OBJC_LITERAL_CONVERSION = YES;
				CLANG_WARN_OBJC_ROOT_CLASS = YES_ERROR;
				CLANG_WARN_QUOTED_INCLUDE_IN_FRAMEWORK_HEADER = YES;
				CLANG_WARN_RANGE_LOOP_ANALYSIS = YES;
				CLANG_WARN_STRICT_PROTOTYPES = YES;
				CLANG_WARN_SUSPICIOUS_MOVE = YES;
				CLANG_WARN_UNGUARDED_AVAILABILITY = YES_AGGRESSIVE;
				CLANG_WARN_UNREACHABLE_CODE = YES;
				CLANG_WARN__DUPLICATE_METHOD_MATCH = YES;
				COPY_PHASE_STRIP = NO;
				DEBUG_INFORMATION_FORMAT = dwarf;
				ENABLE_STRICT_OBJC_MSGSEND = YES;
				ENABLE_TESTABILITY = YES;
				ENABLE_USER_SCRIPT_SANDBOXING = YES;
				GCC_C_LANGUAGE_STANDARD = gnu17;
				GCC_DYNAMIC_NO_PIC = NO;
				GCC_NO_COMMON_BLOCKS = YES;
				GCC_OPTIMIZATION_LEVEL = 0;
				GCC_PREPROCESSOR_DEFINITIONS = (
					"DEBUG=1",
					"$(inherited)",
				);
				GCC_WARN_64_TO_32_BIT_CONVERSION = YES;
				GCC_WARN_ABOUT_RETURN_TYPE = YES_ERROR;
				GCC_WARN_UNDECLARED_SELECTOR = YES;
				GCC_WARN_UNINITIALIZED_AUTOS = YES_AGGRESSIVE;
				GCC_WARN_UNUSED_FUNCTION = YES;
				GCC_WARN_UNUSED_VARIABLE = YES;
				IPHONEOS_DEPLOYMENT_TARGET = 14.0;
				LOCALIZATION_PREFERS_STRING_CATALOGS = YES;
				MTL_ENABLE_DEBUG_INFO = INCLUDE_SOURCE;
				MTL_FAST_MATH = YES;
				ONLY_ACTIVE_ARCH = YES;
				SDKROOT = iphoneos;
				SWIFT_ACTIVE_COMPILATION_CONDITIONS = "DEBUG $(inherited)";
				SWIFT_OPTIMIZATION_LEVEL = "-Onone";
			};
			name = Debug;
		};
		2C0F4A682CA02F080055BFA4 /* Release */ = {
			isa = XCBuildConfiguration;
			baseConfigurationReference = 2C0960432CA0927E00082ABB /* Config.xcconfig */;
			buildSettings = {
				ALWAYS_SEARCH_USER_PATHS = NO;
				ASSETCATALOG_COMPILER_GENERATE_SWIFT_ASSET_SYMBOL_EXTENSIONS = YES;
				CLANG_ANALYZER_NONNULL = YES;
				CLANG_ANALYZER_NUMBER_OBJECT_CONVERSION = YES_AGGRESSIVE;
				CLANG_CXX_LANGUAGE_STANDARD = "gnu++20";
				CLANG_ENABLE_MODULES = YES;
				CLANG_ENABLE_OBJC_ARC = YES;
				CLANG_ENABLE_OBJC_WEAK = YES;
				CLANG_WARN_BLOCK_CAPTURE_AUTORELEASING = YES;
				CLANG_WARN_BOOL_CONVERSION = YES;
				CLANG_WARN_COMMA = YES;
				CLANG_WARN_CONSTANT_CONVERSION = YES;
				CLANG_WARN_DEPRECATED_OBJC_IMPLEMENTATIONS = YES;
				CLANG_WARN_DIRECT_OBJC_ISA_USAGE = YES_ERROR;
				CLANG_WARN_DOCUMENTATION_COMMENTS = YES;
				CLANG_WARN_EMPTY_BODY = YES;
				CLANG_WARN_ENUM_CONVERSION = YES;
				CLANG_WARN_INFINITE_RECURSION = YES;
				CLANG_WARN_INT_CONVERSION = YES;
				CLANG_WARN_NON_LITERAL_NULL_CONVERSION = YES;
				CLANG_WARN_OBJC_IMPLICIT_RETAIN_SELF = YES;
				CLANG_WARN_OBJC_LITERAL_CONVERSION = YES;
				CLANG_WARN_OBJC_ROOT_CLASS = YES_ERROR;
				CLANG_WARN_QUOTED_INCLUDE_IN_FRAMEWORK_HEADER = YES;
				CLANG_WARN_RANGE_LOOP_ANALYSIS = YES;
				CLANG_WARN_STRICT_PROTOTYPES = YES;
				CLANG_WARN_SUSPICIOUS_MOVE = YES;
				CLANG_WARN_UNGUARDED_AVAILABILITY = YES_AGGRESSIVE;
				CLANG_WARN_UNREACHABLE_CODE = YES;
				CLANG_WARN__DUPLICATE_METHOD_MATCH = YES;
				COPY_PHASE_STRIP = NO;
				DEBUG_INFORMATION_FORMAT = "dwarf-with-dsym";
				ENABLE_NS_ASSERTIONS = NO;
				ENABLE_STRICT_OBJC_MSGSEND = YES;
				ENABLE_USER_SCRIPT_SANDBOXING = YES;
				GCC_C_LANGUAGE_STANDARD = gnu17;
				GCC_NO_COMMON_BLOCKS = YES;
				GCC_WARN_64_TO_32_BIT_CONVERSION = YES;
				GCC_WARN_ABOUT_RETURN_TYPE = YES_ERROR;
				GCC_WARN_UNDECLARED_SELECTOR = YES;
				GCC_WARN_UNINITIALIZED_AUTOS = YES_AGGRESSIVE;
				GCC_WARN_UNUSED_FUNCTION = YES;
				GCC_WARN_UNUSED_VARIABLE = YES;
				IPHONEOS_DEPLOYMENT_TARGET = 14.0;
				LOCALIZATION_PREFERS_STRING_CATALOGS = YES;
				MTL_ENABLE_DEBUG_INFO = NO;
				MTL_FAST_MATH = YES;
				SDKROOT = iphoneos;
				SWIFT_COMPILATION_MODE = wholemodule;
				VALIDATE_PRODUCT = YES;
			};
			name = Release;
		};
		2C0F4A6A2CA02F080055BFA4 /* Debug */ = {
			isa = XCBuildConfiguration;
			baseConfigurationReference = 2C0960432CA0927E00082ABB /* Config.xcconfig */;
			buildSettings = {
				ASSETCATALOG_COMPILER_APPICON_NAME = AppIcon;
				ASSETCATALOG_COMPILER_GLOBAL_ACCENT_COLOR_NAME = AccentColor;
				CODE_SIGN_STYLE = Manual;
				CURRENT_PROJECT_VERSION = 1;
				DEVELOPMENT_TEAM = "";
				GENERATE_INFOPLIST_FILE = YES;
				INFOPLIST_FILE = Case/Info.plist;
				INFOPLIST_KEY_UIApplicationSupportsIndirectInputEvents = YES;
				INFOPLIST_KEY_UILaunchStoryboardName = "";
				INFOPLIST_KEY_UIMainStoryboardFile = "";
				INFOPLIST_KEY_UIStatusBarStyle = UIStatusBarStyleDarkContent;
				INFOPLIST_KEY_UISupportedInterfaceOrientations = UIInterfaceOrientationPortrait;
				IPHONEOS_DEPLOYMENT_TARGET = 14.0;
				LD_RUNPATH_SEARCH_PATHS = (
					"$(inherited)",
					"@executable_path/Frameworks",
				);
				MARKETING_VERSION = 1.0;
				PRODUCT_BUNDLE_IDENTIFIER = com.sevenapps.case;
				PRODUCT_NAME = "$(TARGET_NAME)";
				PROVISIONING_PROFILE_SPECIFIER = "";
				SUPPORTED_PLATFORMS = "iphoneos iphonesimulator";
				SUPPORTS_MACCATALYST = NO;
				SUPPORTS_MAC_DESIGNED_FOR_IPHONE_IPAD = NO;
				SUPPORTS_XR_DESIGNED_FOR_IPHONE_IPAD = NO;
				SWIFT_EMIT_LOC_STRINGS = YES;
				SWIFT_VERSION = 5.0;
				TARGETED_DEVICE_FAMILY = 1;
			};
			name = Debug;
		};
		2C0F4A6B2CA02F080055BFA4 /* Release */ = {
			isa = XCBuildConfiguration;
			baseConfigurationReference = 2C0960432CA0927E00082ABB /* Config.xcconfig */;
			buildSettings = {
				ASSETCATALOG_COMPILER_APPICON_NAME = AppIcon;
				ASSETCATALOG_COMPILER_GLOBAL_ACCENT_COLOR_NAME = AccentColor;
				CODE_SIGN_STYLE = Manual;
				CURRENT_PROJECT_VERSION = 1;
				DEVELOPMENT_TEAM = "";
				GENERATE_INFOPLIST_FILE = YES;
				INFOPLIST_FILE = Case/Info.plist;
				INFOPLIST_KEY_UIApplicationSupportsIndirectInputEvents = YES;
				INFOPLIST_KEY_UILaunchStoryboardName = "";
				INFOPLIST_KEY_UIMainStoryboardFile = "";
				INFOPLIST_KEY_UIStatusBarStyle = UIStatusBarStyleDarkContent;
				INFOPLIST_KEY_UISupportedInterfaceOrientations = UIInterfaceOrientationPortrait;
				IPHONEOS_DEPLOYMENT_TARGET = 14.0;
				LD_RUNPATH_SEARCH_PATHS = (
					"$(inherited)",
					"@executable_path/Frameworks",
				);
				MARKETING_VERSION = 1.0;
				PRODUCT_BUNDLE_IDENTIFIER = com.sevenapps.case;
				PRODUCT_NAME = "$(TARGET_NAME)";
				PROVISIONING_PROFILE_SPECIFIER = "";
				SUPPORTED_PLATFORMS = "iphoneos iphonesimulator";
				SUPPORTS_MACCATALYST = NO;
				SUPPORTS_MAC_DESIGNED_FOR_IPHONE_IPAD = NO;
				SUPPORTS_XR_DESIGNED_FOR_IPHONE_IPAD = NO;
				SWIFT_EMIT_LOC_STRINGS = YES;
				SWIFT_VERSION = 5.0;
				TARGETED_DEVICE_FAMILY = 1;
			};
			name = Release;
		};
		2C0F4A6D2CA02F080055BFA4 /* Debug */ = {
			isa = XCBuildConfiguration;
			baseConfigurationReference = 2C0960432CA0927E00082ABB /* Config.xcconfig */;
			buildSettings = {
				ALWAYS_EMBED_SWIFT_STANDARD_LIBRARIES = YES;
				BUNDLE_LOADER = "$(TEST_HOST)";
				CODE_SIGN_STYLE = Manual;
				CURRENT_PROJECT_VERSION = 1;
				DEVELOPMENT_TEAM = "";
				GENERATE_INFOPLIST_FILE = YES;
				IPHONEOS_DEPLOYMENT_TARGET = 14.0;
				MARKETING_VERSION = 1.0;
				PRODUCT_BUNDLE_IDENTIFIER = com.sevenapps.casetests;
				PRODUCT_NAME = "$(TARGET_NAME)";
				PROVISIONING_PROFILE_SPECIFIER = "";
				SUPPORTED_PLATFORMS = "iphoneos iphonesimulator";
				SUPPORTS_MACCATALYST = NO;
				SUPPORTS_MAC_DESIGNED_FOR_IPHONE_IPAD = NO;
				SUPPORTS_XR_DESIGNED_FOR_IPHONE_IPAD = NO;
				SWIFT_EMIT_LOC_STRINGS = NO;
				SWIFT_VERSION = 5.0;
				TARGETED_DEVICE_FAMILY = 1;
				TEST_HOST = "$(BUILT_PRODUCTS_DIR)/Case.app/$(BUNDLE_EXECUTABLE_FOLDER_PATH)/Case";
			};
			name = Debug;
		};
		2C0F4A6E2CA02F080055BFA4 /* Release */ = {
			isa = XCBuildConfiguration;
			baseConfigurationReference = 2C0960432CA0927E00082ABB /* Config.xcconfig */;
			buildSettings = {
				ALWAYS_EMBED_SWIFT_STANDARD_LIBRARIES = YES;
				BUNDLE_LOADER = "$(TEST_HOST)";
				CODE_SIGN_STYLE = Manual;
				CURRENT_PROJECT_VERSION = 1;
				DEVELOPMENT_TEAM = "";
				GENERATE_INFOPLIST_FILE = YES;
				IPHONEOS_DEPLOYMENT_TARGET = 14.0;
				MARKETING_VERSION = 1.0;
				PRODUCT_BUNDLE_IDENTIFIER = com.sevenapps.casetests;
				PRODUCT_NAME = "$(TARGET_NAME)";
				PROVISIONING_PROFILE_SPECIFIER = "";
				SUPPORTED_PLATFORMS = "iphoneos iphonesimulator";
				SUPPORTS_MACCATALYST = NO;
				SUPPORTS_MAC_DESIGNED_FOR_IPHONE_IPAD = NO;
				SUPPORTS_XR_DESIGNED_FOR_IPHONE_IPAD = NO;
				SWIFT_EMIT_LOC_STRINGS = NO;
				SWIFT_VERSION = 5.0;
				TARGETED_DEVICE_FAMILY = 1;
				TEST_HOST = "$(BUILT_PRODUCTS_DIR)/Case.app/$(BUNDLE_EXECUTABLE_FOLDER_PATH)/Case";
			};
			name = Release;
		};
		2C0F4A702CA02F080055BFA4 /* Debug */ = {
			isa = XCBuildConfiguration;
			baseConfigurationReference = 2C0960432CA0927E00082ABB /* Config.xcconfig */;
			buildSettings = {
				ALWAYS_EMBED_SWIFT_STANDARD_LIBRARIES = YES;
				CODE_SIGN_STYLE = Manual;
				CURRENT_PROJECT_VERSION = 1;
				DEVELOPMENT_TEAM = "";
				GENERATE_INFOPLIST_FILE = YES;
				IPHONEOS_DEPLOYMENT_TARGET = 14.0;
				MARKETING_VERSION = 1.0;
				PRODUCT_BUNDLE_IDENTIFIER = com.sevenapps.caseuitests;
				PRODUCT_NAME = "$(TARGET_NAME)";
				PROVISIONING_PROFILE_SPECIFIER = "";
				SUPPORTED_PLATFORMS = "iphoneos iphonesimulator";
				SUPPORTS_MACCATALYST = NO;
				SUPPORTS_MAC_DESIGNED_FOR_IPHONE_IPAD = NO;
				SUPPORTS_XR_DESIGNED_FOR_IPHONE_IPAD = NO;
				SWIFT_EMIT_LOC_STRINGS = NO;
				SWIFT_VERSION = 5.0;
				TARGETED_DEVICE_FAMILY = 1;
				TEST_TARGET_NAME = Case;
			};
			name = Debug;
		};
		2C0F4A712CA02F080055BFA4 /* Release */ = {
			isa = XCBuildConfiguration;
			baseConfigurationReference = 2C0960432CA0927E00082ABB /* Config.xcconfig */;
			buildSettings = {
				ALWAYS_EMBED_SWIFT_STANDARD_LIBRARIES = YES;
				CODE_SIGN_STYLE = Manual;
				CURRENT_PROJECT_VERSION = 1;
				DEVELOPMENT_TEAM = "";
				GENERATE_INFOPLIST_FILE = YES;
				IPHONEOS_DEPLOYMENT_TARGET = 14.0;
				MARKETING_VERSION = 1.0;
				PRODUCT_BUNDLE_IDENTIFIER = com.sevenapps.caseuitests;
				PRODUCT_NAME = "$(TARGET_NAME)";
				PROVISIONING_PROFILE_SPECIFIER = "";
				SUPPORTED_PLATFORMS = "iphoneos iphonesimulator";
				SUPPORTS_MACCATALYST = NO;
				SUPPORTS_MAC_DESIGNED_FOR_IPHONE_IPAD = NO;
				SUPPORTS_XR_DESIGNED_FOR_IPHONE_IPAD = NO;
				SWIFT_EMIT_LOC_STRINGS = NO;
				SWIFT_VERSION = 5.0;
				TARGETED_DEVICE_FAMILY = 1;
				TEST_TARGET_NAME = Case;
			};
			name = Release;
		};
/* End XCBuildConfiguration section */

/* Begin XCConfigurationList section */
		2C0F4A3A2CA02F050055BFA4 /* Build configuration list for PBXProject "Case" */ = {
			isa = XCConfigurationList;
			buildConfigurations = (
				2C0F4A672CA02F080055BFA4 /* Debug */,
				2C0F4A682CA02F080055BFA4 /* Release */,
			);
			defaultConfigurationIsVisible = 0;
			defaultConfigurationName = Release;
		};
		2C0F4A692CA02F080055BFA4 /* Build configuration list for PBXNativeTarget "Case" */ = {
			isa = XCConfigurationList;
			buildConfigurations = (
				2C0F4A6A2CA02F080055BFA4 /* Debug */,
				2C0F4A6B2CA02F080055BFA4 /* Release */,
			);
			defaultConfigurationIsVisible = 0;
			defaultConfigurationName = Release;
		};
		2C0F4A6C2CA02F080055BFA4 /* Build configuration list for PBXNativeTarget "CaseTests" */ = {
			isa = XCConfigurationList;
			buildConfigurations = (
				2C0F4A6D2CA02F080055BFA4 /* Debug */,
				2C0F4A6E2CA02F080055BFA4 /* Release */,
			);
			defaultConfigurationIsVisible = 0;
			defaultConfigurationName = Release;
		};
		2C0F4A6F2CA02F080055BFA4 /* Build configuration list for PBXNativeTarget "CaseUITests" */ = {
			isa = XCConfigurationList;
			buildConfigurations = (
				2C0F4A702CA02F080055BFA4 /* Debug */,
				2C0F4A712CA02F080055BFA4 /* Release */,
			);
			defaultConfigurationIsVisible = 0;
			defaultConfigurationName = Release;
		};
/* End XCConfigurationList section */

/* Begin XCRemoteSwiftPackageReference section */
		2C09602E2CA06CE300082ABB /* XCRemoteSwiftPackageReference "Alamofire" */ = {
			isa = XCRemoteSwiftPackageReference;
			repositoryURL = "https://github.com/Alamofire/Alamofire.git";
			requirement = {
				kind = upToNextMajorVersion;
				minimumVersion = 5.9.1;
			};
		};
		2C09603D2CA0882400082ABB /* XCRemoteSwiftPackageReference "TinyConstraints" */ = {
			isa = XCRemoteSwiftPackageReference;
			repositoryURL = "https://github.com/roberthein/TinyConstraints.git";
			requirement = {
				kind = upToNextMajorVersion;
				minimumVersion = 4.0.2;
			};
		};
/* End XCRemoteSwiftPackageReference section */

/* Begin XCSwiftPackageProductDependency section */
		2C09602F2CA06CE300082ABB /* Alamofire */ = {
			isa = XCSwiftPackageProductDependency;
			package = 2C09602E2CA06CE300082ABB /* XCRemoteSwiftPackageReference "Alamofire" */;
			productName = Alamofire;
		};
		2C09603E2CA0882400082ABB /* TinyConstraints */ = {
			isa = XCSwiftPackageProductDependency;
			package = 2C09603D2CA0882400082ABB /* XCRemoteSwiftPackageReference "TinyConstraints" */;
			productName = TinyConstraints;
		};
/* End XCSwiftPackageProductDependency section */
	};
	rootObject = 2C0F4A372CA02F050055BFA4 /* Project object */;
}
